{
    "version": 3,
    "terraform_version": "0.11.11",
    "serial": 25,
    "lineage": "f2e9bdcc-a5fd-cbd7-7eab-82b6e9e2b6d6",
    "modules": [
        {
            "path": [
                "root"
            ],
            "outputs": {
                "app_external_ip": {
                    "sensitive": false,
                    "type": "list",
                    "value": [
                        "35.195.115.208",
                        "35.233.80.254",
                        "35.195.21.46"
                    ]
                }
            },
            "resources": {
                "google_compute_firewall.firewall_puma": {
                    "type": "google_compute_firewall",
                    "depends_on": [],
                    "primary": {
                        "id": "allow-puma-default",
                        "attributes": {
                            "allow.#": "1",
                            "allow.931060522.ports.#": "1",
                            "allow.931060522.ports.0": "9292",
                            "allow.931060522.protocol": "tcp",
                            "deny.#": "0",
                            "description": "",
                            "destination_ranges.#": "0",
                            "id": "allow-puma-default",
                            "name": "allow-puma-default",
                            "network": "https://www.googleapis.com/compute/v1/projects/docker-228612/global/networks/default",
                            "priority": "1000",
                            "project": "docker-228612",
                            "self_link": "https://www.googleapis.com/compute/v1/projects/docker-228612/global/firewalls/allow-puma-default",
                            "source_ranges.#": "1",
                            "source_ranges.1080289494": "0.0.0.0/0",
                            "source_service_accounts.#": "0",
                            "source_tags.#": "0",
                            "target_service_accounts.#": "0",
                            "target_tags.#": "1",
                            "target_tags.1799682348": "reddit-app"
                        },
                        "meta": {
                            "schema_version": "1"
                        },
                        "tainted": false
                    },
                    "deposed": [],
                    "provider": "provider.google"
                },
                "google_compute_instance.app.0": {
                    "type": "google_compute_instance",
                    "depends_on": [],
                    "primary": {
                        "id": "terraform-docker-host-1",
                        "attributes": {
                            "attached_disk.#": "0",
                            "boot_disk.#": "1",
                            "boot_disk.0.auto_delete": "true",
                            "boot_disk.0.device_name": "persistent-disk-0",
                            "boot_disk.0.disk_encryption_key_raw": "",
                            "boot_disk.0.disk_encryption_key_sha256": "",
                            "boot_disk.0.initialize_params.#": "1",
                            "boot_disk.0.initialize_params.0.image": "ubuntu-1604-lts",
                            "boot_disk.0.initialize_params.0.size": "0",
                            "boot_disk.0.initialize_params.0.type": "",
                            "boot_disk.0.source": "https://www.googleapis.com/compute/v1/projects/docker-228612/zones/europe-west1-b/disks/terraform-docker-host-1",
                            "can_ip_forward": "false",
                            "cpu_platform": "Intel Sandy Bridge",
                            "create_timeout": "4",
                            "guest_accelerator.#": "0",
                            "id": "terraform-docker-host-1",
                            "instance_id": "5130981840549391667",
                            "label_fingerprint": "42WmSpB8rSM=",
                            "machine_type": "g1-small",
                            "metadata.%": "1",
                            "metadata.ssh-keys": "appuser:ssh-rsa AAAAB3NzaC1yc2EAAAABIwAAAQEAyP0IeGDtD9sPF1V9JJh1yqIJbiw3Op/LXdI0/RBE/QY4W/KHbKx2nyVPU9rhUZif68P+7dnTYWkKvoaCdDbvL56y/pfNeoOwPi1O/qUrD9gYvkJZjjNMO/B3OPJdJu1UBxVVYV/NZQKK50F403c5VUFsR2+AIQKQAIv4r/94jH8kqA/5QuuJ1bxt8OGNRit176viEbP6jwZ4lWXxruDYoTzLij0Wus9KcttiASP2F2TiD3bZs4CN9bnB8C/Vlh7nh9iRO5R/jHgBN08VzBzqeh+zf++oph5GIuwGtGyW7sfLljzMMQsHarxGEOTlHMiKmpB2rojtB0MVKlg52G0wbw== appuser\n",
                            "metadata_fingerprint": "9CUXPEwGI7U=",
                            "min_cpu_platform": "",
                            "name": "terraform-docker-host-1",
                            "network_interface.#": "1",
                            "network_interface.0.access_config.#": "1",
                            "network_interface.0.access_config.0.assigned_nat_ip": "35.195.115.208",
                            "network_interface.0.access_config.0.nat_ip": "35.195.115.208",
                            "network_interface.0.address": "10.132.0.29",
                            "network_interface.0.alias_ip_range.#": "0",
                            "network_interface.0.name": "nic0",
                            "network_interface.0.network": "https://www.googleapis.com/compute/v1/projects/docker-228612/global/networks/default",
                            "network_interface.0.network_ip": "10.132.0.29",
                            "network_interface.0.subnetwork": "https://www.googleapis.com/compute/v1/projects/docker-228612/regions/europe-west1/subnetworks/default",
                            "network_interface.0.subnetwork_project": "docker-228612",
                            "project": "docker-228612",
                            "scheduling.#": "1",
                            "scheduling.0.automatic_restart": "true",
                            "scheduling.0.on_host_maintenance": "MIGRATE",
                            "scheduling.0.preemptible": "false",
                            "scratch_disk.#": "0",
                            "self_link": "https://www.googleapis.com/compute/v1/projects/docker-228612/zones/europe-west1-b/instances/terraform-docker-host-1",
                            "service_account.#": "0",
                            "tags.#": "1",
                            "tags.1799682348": "reddit-app",
                            "tags_fingerprint": "M-ggixIz-AU=",
                            "zone": "europe-west1-b"
                        },
                        "meta": {
                            "schema_version": "6"
                        },
                        "tainted": false
                    },
                    "deposed": [],
                    "provider": "provider.google"
                },
                "google_compute_instance.app.1": {
                    "type": "google_compute_instance",
                    "depends_on": [],
                    "primary": {
                        "id": "terraform-docker-host-2",
                        "attributes": {
                            "attached_disk.#": "0",
                            "boot_disk.#": "1",
                            "boot_disk.0.auto_delete": "true",
                            "boot_disk.0.device_name": "persistent-disk-0",
                            "boot_disk.0.disk_encryption_key_raw": "",
                            "boot_disk.0.disk_encryption_key_sha256": "",
                            "boot_disk.0.initialize_params.#": "1",
                            "boot_disk.0.initialize_params.0.image": "ubuntu-1604-lts",
                            "boot_disk.0.initialize_params.0.size": "0",
                            "boot_disk.0.initialize_params.0.type": "",
                            "boot_disk.0.source": "https://www.googleapis.com/compute/v1/projects/docker-228612/zones/europe-west1-b/disks/terraform-docker-host-2",
                            "can_ip_forward": "false",
                            "cpu_platform": "Intel Sandy Bridge",
                            "create_timeout": "4",
                            "guest_accelerator.#": "0",
                            "id": "terraform-docker-host-2",
                            "instance_id": "5192512246406524211",
                            "label_fingerprint": "42WmSpB8rSM=",
                            "machine_type": "g1-small",
                            "metadata.%": "1",
                            "metadata.ssh-keys": "appuser:ssh-rsa AAAAB3NzaC1yc2EAAAABIwAAAQEAyP0IeGDtD9sPF1V9JJh1yqIJbiw3Op/LXdI0/RBE/QY4W/KHbKx2nyVPU9rhUZif68P+7dnTYWkKvoaCdDbvL56y/pfNeoOwPi1O/qUrD9gYvkJZjjNMO/B3OPJdJu1UBxVVYV/NZQKK50F403c5VUFsR2+AIQKQAIv4r/94jH8kqA/5QuuJ1bxt8OGNRit176viEbP6jwZ4lWXxruDYoTzLij0Wus9KcttiASP2F2TiD3bZs4CN9bnB8C/Vlh7nh9iRO5R/jHgBN08VzBzqeh+zf++oph5GIuwGtGyW7sfLljzMMQsHarxGEOTlHMiKmpB2rojtB0MVKlg52G0wbw== appuser\n",
                            "metadata_fingerprint": "9CUXPEwGI7U=",
                            "min_cpu_platform": "",
                            "name": "terraform-docker-host-2",
                            "network_interface.#": "1",
                            "network_interface.0.access_config.#": "1",
                            "network_interface.0.access_config.0.assigned_nat_ip": "35.233.80.254",
                            "network_interface.0.access_config.0.nat_ip": "35.233.80.254",
                            "network_interface.0.address": "10.132.0.30",
                            "network_interface.0.alias_ip_range.#": "0",
                            "network_interface.0.name": "nic0",
                            "network_interface.0.network": "https://www.googleapis.com/compute/v1/projects/docker-228612/global/networks/default",
                            "network_interface.0.network_ip": "10.132.0.30",
                            "network_interface.0.subnetwork": "https://www.googleapis.com/compute/v1/projects/docker-228612/regions/europe-west1/subnetworks/default",
                            "network_interface.0.subnetwork_project": "docker-228612",
                            "project": "docker-228612",
                            "scheduling.#": "1",
                            "scheduling.0.automatic_restart": "true",
                            "scheduling.0.on_host_maintenance": "MIGRATE",
                            "scheduling.0.preemptible": "false",
                            "scratch_disk.#": "0",
                            "self_link": "https://www.googleapis.com/compute/v1/projects/docker-228612/zones/europe-west1-b/instances/terraform-docker-host-2",
                            "service_account.#": "0",
                            "tags.#": "1",
                            "tags.1799682348": "reddit-app",
                            "tags_fingerprint": "M-ggixIz-AU=",
                            "zone": "europe-west1-b"
                        },
                        "meta": {
                            "schema_version": "6"
                        },
                        "tainted": false
                    },
                    "deposed": [],
                    "provider": "provider.google"
                },
                "google_compute_instance.app.2": {
                    "type": "google_compute_instance",
                    "depends_on": [],
                    "primary": {
                        "id": "terraform-docker-host-3",
                        "attributes": {
                            "attached_disk.#": "0",
                            "boot_disk.#": "1",
                            "boot_disk.0.auto_delete": "true",
                            "boot_disk.0.device_name": "persistent-disk-0",
                            "boot_disk.0.disk_encryption_key_raw": "",
                            "boot_disk.0.disk_encryption_key_sha256": "",
                            "boot_disk.0.initialize_params.#": "1",
                            "boot_disk.0.initialize_params.0.image": "ubuntu-1604-lts",
                            "boot_disk.0.initialize_params.0.size": "0",
                            "boot_disk.0.initialize_params.0.type": "",
                            "boot_disk.0.source": "https://www.googleapis.com/compute/v1/projects/docker-228612/zones/europe-west1-b/disks/terraform-docker-host-3",
                            "can_ip_forward": "false",
                            "cpu_platform": "Intel Sandy Bridge",
                            "create_timeout": "4",
                            "guest_accelerator.#": "0",
                            "id": "terraform-docker-host-3",
                            "instance_id": "7616778391713033523",
                            "label_fingerprint": "42WmSpB8rSM=",
                            "machine_type": "g1-small",
                            "metadata.%": "1",
                            "metadata.ssh-keys": "appuser:ssh-rsa AAAAB3NzaC1yc2EAAAABIwAAAQEAyP0IeGDtD9sPF1V9JJh1yqIJbiw3Op/LXdI0/RBE/QY4W/KHbKx2nyVPU9rhUZif68P+7dnTYWkKvoaCdDbvL56y/pfNeoOwPi1O/qUrD9gYvkJZjjNMO/B3OPJdJu1UBxVVYV/NZQKK50F403c5VUFsR2+AIQKQAIv4r/94jH8kqA/5QuuJ1bxt8OGNRit176viEbP6jwZ4lWXxruDYoTzLij0Wus9KcttiASP2F2TiD3bZs4CN9bnB8C/Vlh7nh9iRO5R/jHgBN08VzBzqeh+zf++oph5GIuwGtGyW7sfLljzMMQsHarxGEOTlHMiKmpB2rojtB0MVKlg52G0wbw== appuser\n",
                            "metadata_fingerprint": "9CUXPEwGI7U=",
                            "min_cpu_platform": "",
                            "name": "terraform-docker-host-3",
                            "network_interface.#": "1",
                            "network_interface.0.access_config.#": "1",
                            "network_interface.0.access_config.0.assigned_nat_ip": "35.195.21.46",
                            "network_interface.0.access_config.0.nat_ip": "35.195.21.46",
                            "network_interface.0.address": "10.132.0.31",
                            "network_interface.0.alias_ip_range.#": "0",
                            "network_interface.0.name": "nic0",
                            "network_interface.0.network": "https://www.googleapis.com/compute/v1/projects/docker-228612/global/networks/default",
                            "network_interface.0.network_ip": "10.132.0.31",
                            "network_interface.0.subnetwork": "https://www.googleapis.com/compute/v1/projects/docker-228612/regions/europe-west1/subnetworks/default",
                            "network_interface.0.subnetwork_project": "docker-228612",
                            "project": "docker-228612",
                            "scheduling.#": "1",
                            "scheduling.0.automatic_restart": "true",
                            "scheduling.0.on_host_maintenance": "MIGRATE",
                            "scheduling.0.preemptible": "false",
                            "scratch_disk.#": "0",
                            "self_link": "https://www.googleapis.com/compute/v1/projects/docker-228612/zones/europe-west1-b/instances/terraform-docker-host-3",
                            "service_account.#": "0",
                            "tags.#": "1",
                            "tags.1799682348": "reddit-app",
                            "tags_fingerprint": "M-ggixIz-AU=",
                            "zone": "europe-west1-b"
                        },
                        "meta": {
                            "schema_version": "6"
                        },
                        "tainted": false
                    },
                    "deposed": [],
                    "provider": "provider.google"
                }
            },
            "depends_on": []
        }
    ]
}
